
Microsoft Visual Studio Solution File, Format Version 12.00
# Visual Studio Version 17
VisualStudioVersion = 17.4.33205.214
MinimumVisualStudioVersion = 10.0.40219.1
Project("{888888A0-9F3D-457C-B088-3A5042F75D52}") = "TitanfallProtcols", "TitanfallProtcols\TitanfallProtcols.pyproj", "{FC077C45-7B8D-4713-AD21-FD79A3B8D41D}"
EndProject
Global
	GlobalSection(SolutionConfigurationPlatforms) = preSolution
		Debug|Any CPU = Debug|Any CPU
		Release|Any CPU = Release|Any CPU
	EndGlobalSection
	GlobalSection(ProjectConfigurationPlatforms) = postSolution
		{FC077C45-7B8D-4713-AD21-FD79A3B8D41D}.Debug|Any CPU.ActiveCfg = Debug|Any CPU
		{FC077C45-7B8D-4713-AD21-FD79A3B8D41D}.Release|Any CPU.ActiveCfg = Release|Any CPU
	EndGlobalSection
	GlobalSection(SolutionProperties) = preSolution
		HideSolutionNode = FALSE
	EndGlobalSection
	GlobalSection(ExtensibilityGlobals) = postSolution
		SolutionGuid = {ADEB7988-1489-4ACF-93D1-DE508F92E675}
	EndGlobalSection
EndGlobal
